version = 1
revision = 2
requires-python = ">=3.11"

[[package]]
name = "altgraph"
version = "0.17.4"
source = { registry = "https://pypi.org/simple" }
sdist = { url = "https://files.pythonhosted.org/packages/de/a8/7145824cf0b9e3c28046520480f207df47e927df83aa9555fb47f8505922/altgraph-0.17.4.tar.gz", hash = "sha256:1b5afbb98f6c4dcadb2e2ae6ab9fa994bbb8c1d75f4fa96d340f9437ae454406", size = 48418, upload-time = "2023-09-25T09:04:52.164Z" }
wheels = [
    { url = "https://files.pythonhosted.org/packages/4d/3f/3bc3f1d83f6e4a7fcb834d3720544ca597590425be5ba9db032b2bf322a2/altgraph-0.17.4-py2.py3-none-any.whl", hash = "sha256:642743b4750de17e655e6711601b077bc6598dbfa3ba5fa2b2a35ce12b508dff", size = 21212, upload-time = "2023-09-25T09:04:50.691Z" },
]

[[package]]
name = "coverage"
version = "7.8.1"
source = { registry = "https://pypi.org/simple" }
sdist = { url = "https://files.pythonhosted.org/packages/27/b4/a707d96c2c1ce9402ce1ce7124c53b9e4e1f3e617652a5ed2fbba4c9b4be/coverage-7.8.1.tar.gz", hash = "sha256:d41d4da5f2871b1782c6b74948d2d37aac3a5b39b43a6ba31d736b97a02ae1f1", size = 812193, upload-time = "2025-05-21T12:39:46.1Z" }
wheels = [
    { url = "https://files.pythonhosted.org/packages/ed/0a/696a8d6c245a72f61589e2015a633fab5aacd8c916802df41d23e387b442/coverage-7.8.1-cp313-cp313-macosx_10_13_x86_64.whl", hash = "sha256:dd5c305faa2e69334a53061b3168987847dadc2449bab95735242a9bde92fde8", size = 211902, upload-time = "2025-05-21T12:38:44.54Z" },
    { url = "https://files.pythonhosted.org/packages/3b/2f/0c065dfaf497586cf1693dee2a94e7489a4be840a5bbe765a7a78735268b/coverage-7.8.1-cp313-cp313-macosx_11_0_arm64.whl", hash = "sha256:af6b8cdf0857fd4e6460dd6639c37c3f82163127f6112c1942b5e6a52a477676", size = 212175, upload-time = "2025-05-21T12:38:46.143Z" },
    { url = "https://files.pythonhosted.org/packages/ff/a1/a8a40658f67311c96c3d9073293fefee8a9485906ed531546dffe35fdd4b/coverage-7.8.1-cp313-cp313-manylinux_2_17_aarch64.manylinux2014_aarch64.whl", hash = "sha256:e233a56bbf99e4cb134c4f8e63b16c77714e3987daf2c5aa10c3ba8c4232d730", size = 245564, upload-time = "2025-05-21T12:38:47.843Z" },
    { url = "https://files.pythonhosted.org/packages/6e/94/dc36e2256ce484f482ed5b2a103a261009c301cdad237fdefe2a9b6ddeab/coverage-7.8.1-cp313-cp313-manylinux_2_5_i686.manylinux1_i686.manylinux_2_17_i686.manylinux2014_i686.whl", hash = "sha256:9dabc70012fd7b58a8040a7bc1b5f71fd0e62e2138aefdd8367d3d24bf82c349", size = 242719, upload-time = "2025-05-21T12:38:49.517Z" },
    { url = "https://files.pythonhosted.org/packages/73/d7/d096859c59f02d4550e6bc9180bd06c88313c32977d7458e0d4ed06ed057/coverage-7.8.1-cp313-cp313-manylinux_2_5_x86_64.manylinux1_x86_64.manylinux_2_17_x86_64.manylinux2014_x86_64.whl", hash = "sha256:e1f8e96455907496b3e4ea16f63bb578da31e17d2805278b193525e7714f17f2", size = 244634, upload-time = "2025-05-21T12:38:51.18Z" },
    { url = "https://files.pythonhosted.org/packages/be/a0/6f4db84d1d3334ca37c2dae02a54761a1a3918aec56faec26f1590077181/coverage-7.8.1-cp313-cp313-musllinux_1_2_aarch64.whl", hash = "sha256:0034ceec8e91fdaf77350901cc48f47efd00f23c220a3f9fc1187774ddf307cb", size = 244824, upload-time = "2025-05-21T12:38:52.789Z" },
    { url = "https://files.pythonhosted.org/packages/96/46/1e74016ba7d9f4242170f9d814454e6483a640332a67c0e139dab7d85762/coverage-7.8.1-cp313-cp313-musllinux_1_2_i686.whl", hash = "sha256:82db9344a07dd9106796b9fe8805425633146a7ea7fed5ed07c65a64d0bb79e1", size = 242872, upload-time = "2025-05-21T12:38:54.493Z" },
    { url = "https://files.pythonhosted.org/packages/22/41/51df77f279b49e7dd05ee9dfe746cf8698c873ffdf7fbe57aaee9522ec67/coverage-7.8.1-cp313-cp313-musllinux_1_2_x86_64.whl", hash = "sha256:9772c9e266b2ca4999180c12b90c8efb4c5c9ad3e55f301d78bc579af6467ad9", size = 244179, upload-time = "2025-05-21T12:38:56.762Z" },
    { url = "https://files.pythonhosted.org/packages/b8/83/6207522f3afb64592c47353bc79b0e3e6c3f48fde5e5221ab2b80a12e93d/coverage-7.8.1-cp313-cp313-win32.whl", hash = "sha256:6f24a1e2c373a77afae21bc512466a91e31251685c271c5309ee3e557f6e3e03", size = 214395, upload-time = "2025-05-21T12:38:58.631Z" },
    { url = "https://files.pythonhosted.org/packages/43/b8/cd40a8fff1633112ac40edde9006aceaa55b32a84976394a42c33547ef95/coverage-7.8.1-cp313-cp313-win_amd64.whl", hash = "sha256:76a4e1d62505a21971968be61ae17cbdc5e0c483265a37f7ddbbc050f9c0b8ec", size = 215195, upload-time = "2025-05-21T12:39:00.614Z" },
    { url = "https://files.pythonhosted.org/packages/7e/f0/8fea9beb378cdce803ba838293314b21527f4edab58dcbe2e6a5553e7dc8/coverage-7.8.1-cp313-cp313t-macosx_10_13_x86_64.whl", hash = "sha256:35dd5d405a1d378c39f3f30f628a25b0b99f1b8e5bdd78275df2e7b0404892d7", size = 212738, upload-time = "2025-05-21T12:39:02.808Z" },
    { url = "https://files.pythonhosted.org/packages/0c/90/f28953cd1246ad7839874ef97e181f153d4274cc6db21857fbca18b89c97/coverage-7.8.1-cp313-cp313t-macosx_11_0_arm64.whl", hash = "sha256:87b86a87f8de2e1bd0bcd45faf1b1edf54f988c8857157300e0336efcfb8ede6", size = 212958, upload-time = "2025-05-21T12:39:04.536Z" },
    { url = "https://files.pythonhosted.org/packages/fb/70/3f3d34ef68534afa73aee75537d1daf1e91029738cbf052ef828313aa960/coverage-7.8.1-cp313-cp313t-manylinux_2_17_aarch64.manylinux2014_aarch64.whl", hash = "sha256:ce4553a573edb363d5db12be1c044826878bec039159d6d4eafe826ef773396d", size = 257024, upload-time = "2025-05-21T12:39:06.703Z" },
    { url = "https://files.pythonhosted.org/packages/cf/66/96ab415609b777adfcfa00f29d75d2278da139c0958de7a50dd0023811e6/coverage-7.8.1-cp313-cp313t-manylinux_2_5_i686.manylinux1_i686.manylinux_2_17_i686.manylinux2014_i686.whl", hash = "sha256:db181a1896e0bad75b3bf4916c49fd3cf6751f9cc203fe0e0ecbee1fc43590fa", size = 252867, upload-time = "2025-05-21T12:39:08.818Z" },
    { url = "https://files.pythonhosted.org/packages/52/4f/3d48704c62fa5f72447005b8a77cc9cce5e164c2df357433442d17f2ac0a/coverage-7.8.1-cp313-cp313t-manylinux_2_5_x86_64.manylinux1_x86_64.manylinux_2_17_x86_64.manylinux2014_x86_64.whl", hash = "sha256:6ce2606a171f9cf7c15a77ca61f979ffc0e0d92cd2fb18767cead58c1d19f58e", size = 255096, upload-time = "2025-05-21T12:39:10.516Z" },
    { url = "https://files.pythonhosted.org/packages/64/1d/e8d4ac647c1967dd3dbc250fb4595b838b7067ad32602a7339ac467d9c5a/coverage-7.8.1-cp313-cp313t-musllinux_1_2_aarch64.whl", hash = "sha256:4fc4f7cff2495d6d112353c33a439230a6de0b7cd0c2578f1e8d75326f63d783", size = 256276, upload-time = "2025-05-21T12:39:12.177Z" },
    { url = "https://files.pythonhosted.org/packages/9c/e4/62e2f9521f3758dea07bcefc2c9c0dd34fa67d7035b0443c7c3072e6308b/coverage-7.8.1-cp313-cp313t-musllinux_1_2_i686.whl", hash = "sha256:ff619c58322d9d6df0a859dc76c3532d7bdbc125cb040f7cd642141446b4f654", size = 254478, upload-time = "2025-05-21T12:39:14.325Z" },
    { url = "https://files.pythonhosted.org/packages/49/41/7af246f5e68272f97a31a122da5878747e941fef019430485534d1f6a44a/coverage-7.8.1-cp313-cp313t-musllinux_1_2_x86_64.whl", hash = "sha256:c0d6290a466a6f3fadf6add2dd4ec11deba4e1a6e3db2dd284edd497aadf802f", size = 255255, upload-time = "2025-05-21T12:39:16.059Z" },
    { url = "https://files.pythonhosted.org/packages/05/5d/5dacd7915972f82d909f36974c6415667dae08a32478d87dfdbac6788e22/coverage-7.8.1-cp313-cp313t-win32.whl", hash = "sha256:e4e893c7f7fb12271a667d5c1876710fae06d7580343afdb5f3fc4488b73209e", size = 215112, upload-time = "2025-05-21T12:39:18.263Z" },
    { url = "https://files.pythonhosted.org/packages/8b/89/48e77e71e81e5b79fd6471083d087cd69517e5f585b548d87c92d5ae873c/coverage-7.8.1-cp313-cp313t-win_amd64.whl", hash = "sha256:41d142eefbc0bb3be160a77b2c0fbec76f345387676265052e224eb6c67b7af3", size = 216270, upload-time = "2025-05-21T12:39:20.461Z" },
    { url = "https://files.pythonhosted.org/packages/1b/a1/4d968d4605f3a87a809f0c8f495eed81656c93cf6c00818334498ad6ad45/coverage-7.8.1-py3-none-any.whl", hash = "sha256:e54b80885b0e61d346accc5709daf8762471a452345521cc9281604a907162c2", size = 203623, upload-time = "2025-05-21T12:39:43.473Z" },
]

[[package]]
name = "macholib"
version = "1.16.3"
source = { registry = "https://pypi.org/simple" }
dependencies = [
    { name = "altgraph" },
]
sdist = { url = "https://files.pythonhosted.org/packages/95/ee/af1a3842bdd5902ce133bd246eb7ffd4375c38642aeb5dc0ae3a0329dfa2/macholib-1.16.3.tar.gz", hash = "sha256:07ae9e15e8e4cd9a788013d81f5908b3609aa76f9b1421bae9c4d7606ec86a30", size = 59309, upload-time = "2023-09-25T09:10:16.155Z" }
wheels = [
    { url = "https://files.pythonhosted.org/packages/d1/5d/c059c180c84f7962db0aeae7c3b9303ed1d73d76f2bfbc32bc231c8be314/macholib-1.16.3-py2.py3-none-any.whl", hash = "sha256:0e315d7583d38b8c77e815b1ecbdbf504a8258d8b3e17b61165c6feb60d18f2c", size = 38094, upload-time = "2023-09-25T09:10:14.188Z" },
]

[[package]]
name = "packaging"
version = "25.0"
source = { registry = "https://pypi.org/simple" }
sdist = { url = "https://files.pythonhosted.org/packages/a1/d4/1fc4078c65507b51b96ca8f8c3ba19e6a61c8253c72794544580a7b6c24d/packaging-25.0.tar.gz", hash = "sha256:d443872c98d677bf60f6a1f2f8c1cb748e8fe762d2bf9d3148b5599295b0fc4f", size = 165727, upload-time = "2025-04-19T11:48:59.673Z" }
wheels = [
    { url = "https://files.pythonhosted.org/packages/20/12/38679034af332785aac8774540895e234f4d07f7545804097de4b666afd8/packaging-25.0-py3-none-any.whl", hash = "sha256:29572ef2b1f17581046b3a2227d5c611fb25ec70ca1ba8554b24b0e69331a484", size = 66469, upload-time = "2025-04-19T11:48:57.875Z" },
]

[[package]]
name = "pefile"
version = "2023.2.7"
source = { registry = "https://pypi.org/simple" }
sdist = { url = "https://files.pythonhosted.org/packages/78/c5/3b3c62223f72e2360737fd2a57c30e5b2adecd85e70276879609a7403334/pefile-2023.2.7.tar.gz", hash = "sha256:82e6114004b3d6911c77c3953e3838654b04511b8b66e8583db70c65998017dc", size = 74854, upload-time = "2023-02-07T12:23:55.958Z" }
wheels = [
    { url = "https://files.pythonhosted.org/packages/55/26/d0ad8b448476d0a1e8d3ea5622dc77b916db84c6aa3cb1e1c0965af948fc/pefile-2023.2.7-py3-none-any.whl", hash = "sha256:da185cd2af68c08a6cd4481f7325ed600a88f6a813bad9dea07ab3ef73d8d8d6", size = 71791, upload-time = "2023-02-07T12:28:36.678Z" },
]

[[package]]
name = "pyinstaller"
version = "6.13.0"
source = { registry = "https://pypi.org/simple" }
dependencies = [
    { name = "altgraph" },
    { name = "macholib", marker = "sys_platform == 'darwin'" },
    { name = "packaging" },
    { name = "pefile", marker = "sys_platform == 'win32'" },
    { name = "pyinstaller-hooks-contrib" },
    { name = "pywin32-ctypes", marker = "sys_platform == 'win32'" },
    { name = "setuptools" },
]
sdist = { url = "https://files.pythonhosted.org/packages/a8/b1/2949fe6d3874e961898ca5cfc1bf2cf13bdeea488b302e74a745bc28c8ba/pyinstaller-6.13.0.tar.gz", hash = "sha256:38911feec2c5e215e5159a7e66fdb12400168bd116143b54a8a7a37f08733456", size = 4276427, upload-time = "2025-04-15T23:25:31.646Z" }
wheels = [
    { url = "https://files.pythonhosted.org/packages/b4/02/d1a347d35b1b627da1e148159e617576555619ac3bb8bbd5fed661fc7bb5/pyinstaller-6.13.0-py3-none-macosx_10_13_universal2.whl", hash = "sha256:aa404f0b02cd57948098055e76ee190b8e65ccf7a2a3f048e5000f668317069f", size = 1001923, upload-time = "2025-04-15T23:24:17.646Z" },
    { url = "https://files.pythonhosted.org/packages/6b/80/6da39f7aeac65c9ca5afad0fac37887d75fdfd480178a7077c9d30b0704c/pyinstaller-6.13.0-py3-none-manylinux2014_aarch64.whl", hash = "sha256:92efcf2f09e78f07b568c5cb7ed48c9940f5dad627af4b49bede6320fab2a06e", size = 718135, upload-time = "2025-04-15T23:24:22.385Z" },
    { url = "https://files.pythonhosted.org/packages/05/2c/d21d31f780a489609e7bf6385c0f7635238dc98b37cba8645b53322b7450/pyinstaller-6.13.0-py3-none-manylinux2014_i686.whl", hash = "sha256:9f82f113c463f012faa0e323d952ca30a6f922685d9636e754bd3a256c7ed200", size = 728543, upload-time = "2025-04-15T23:24:27.02Z" },
    { url = "https://files.pythonhosted.org/packages/e1/20/e6ca87bbed6c0163533195707f820f05e10b8da1223fc6972cfe3c3c50c7/pyinstaller-6.13.0-py3-none-manylinux2014_ppc64le.whl", hash = "sha256:db0e7945ebe276f604eb7c36e536479556ab32853412095e19172a5ec8fca1c5", size = 726868, upload-time = "2025-04-15T23:24:31.779Z" },
    { url = "https://files.pythonhosted.org/packages/20/d5/53b19285f8817ab6c4b07c570208d62606bab0e5a049d50c93710a1d9dc6/pyinstaller-6.13.0-py3-none-manylinux2014_s390x.whl", hash = "sha256:92fe7337c5aa08d42b38d7a79614492cb571489f2cb0a8f91dc9ef9ccbe01ed3", size = 725037, upload-time = "2025-04-15T23:24:36.244Z" },
    { url = "https://files.pythonhosted.org/packages/84/5b/08e0b305ba71e6d7cb247e27d714da7536895b0283132d74d249bf662366/pyinstaller-6.13.0-py3-none-manylinux2014_x86_64.whl", hash = "sha256:bc09795f5954135dd4486c1535650958c8218acb954f43860e4b05fb515a21c0", size = 721027, upload-time = "2025-04-15T23:24:40.16Z" },
    { url = "https://files.pythonhosted.org/packages/1f/9c/d8d0a7120103471be8dbe1c5419542aa794b9b9ec2ef628b542f9e6f9ef0/pyinstaller-6.13.0-py3-none-musllinux_1_1_aarch64.whl", hash = "sha256:589937548d34978c568cfdc39f31cf386f45202bc27fdb8facb989c79dfb4c02", size = 723443, upload-time = "2025-04-15T23:24:50.63Z" },
    { url = "https://files.pythonhosted.org/packages/52/c7/8a9d81569dda2352068ecc6ee779d5feff6729569dd1b4ffd1236ecd38fe/pyinstaller-6.13.0-py3-none-musllinux_1_1_x86_64.whl", hash = "sha256:b7260832f7501ba1d2ce1834d4cddc0f2b94315282bc89c59333433715015447", size = 719915, upload-time = "2025-04-15T23:24:54.917Z" },
    { url = "https://files.pythonhosted.org/packages/d5/e6/cccadb02b90198c7ed4ffb8bc34d420efb72b996f47cbd4738067a602d65/pyinstaller-6.13.0-py3-none-win32.whl", hash = "sha256:80c568848529635aa7ca46d8d525f68486d53e03f68b7bb5eba2c88d742e302c", size = 1294997, upload-time = "2025-04-15T23:25:01.391Z" },
    { url = "https://files.pythonhosted.org/packages/1a/06/15cbe0e25d1e73d5b981fa41ff0bb02b15e924e30b8c61256f4a28c4c837/pyinstaller-6.13.0-py3-none-win_amd64.whl", hash = "sha256:8d4296236b85aae570379488c2da833b28828b17c57c2cc21fccd7e3811fe372", size = 1352714, upload-time = "2025-04-15T23:25:08.061Z" },
    { url = "https://files.pythonhosted.org/packages/83/ef/74379298d46e7caa6aa7ceccc865106d3d4b15ac487ffdda2a35bfb6fe79/pyinstaller-6.13.0-py3-none-win_arm64.whl", hash = "sha256:d9f21d56ca2443aa6a1e255e7ad285c76453893a454105abe1b4d45e92bb9a20", size = 1293589, upload-time = "2025-04-15T23:25:14.523Z" },
]

[[package]]
name = "pyinstaller-hooks-contrib"
version = "2025.4"
source = { registry = "https://pypi.org/simple" }
dependencies = [
    { name = "packaging" },
    { name = "setuptools" },
]
sdist = { url = "https://files.pythonhosted.org/packages/e3/94/dfc5c7903306211798f990e6794c2eb7b8685ac487b26979e9255790419c/pyinstaller_hooks_contrib-2025.4.tar.gz", hash = "sha256:5ce1afd1997b03e70f546207031cfdf2782030aabacc102190677059e2856446", size = 162628, upload-time = "2025-05-03T20:15:55.983Z" }
wheels = [
    { url = "https://files.pythonhosted.org/packages/d3/e1/ed48c7074145898e5c5b0072e87be975c5bd6a1d0f08c27a1daa7064fca0/pyinstaller_hooks_contrib-2025.4-py3-none-any.whl", hash = "sha256:6c2d73269b4c484eb40051fc1acee0beb113c2cfb3b37437b8394faae6f0d072", size = 434451, upload-time = "2025-05-03T20:15:54.579Z" },
]

[[package]]
name = "pywin32-ctypes"
version = "0.2.3"
source = { registry = "https://pypi.org/simple" }
sdist = { url = "https://files.pythonhosted.org/packages/85/9f/01a1a99704853cb63f253eea009390c88e7131c67e66a0a02099a8c917cb/pywin32-ctypes-0.2.3.tar.gz", hash = "sha256:d162dc04946d704503b2edc4d55f3dba5c1d539ead017afa00142c38b9885755", size = 29471, upload-time = "2024-08-14T10:15:34.626Z" }
wheels = [
    { url = "https://files.pythonhosted.org/packages/de/3d/8161f7711c017e01ac9f008dfddd9410dff3674334c233bde66e7ba65bbf/pywin32_ctypes-0.2.3-py3-none-any.whl", hash = "sha256:8a1513379d709975552d202d942d9837758905c8d01eb82b8bcc30918929e7b8", size = 30756, upload-time = "2024-08-14T10:15:33.187Z" },
]

[[package]]
name = "setuptools"
version = "80.8.0"
source = { registry = "https://pypi.org/simple" }
sdist = { url = "https://files.pythonhosted.org/packages/8d/d2/ec1acaaff45caed5c2dedb33b67055ba9d4e96b091094df90762e60135fe/setuptools-80.8.0.tar.gz", hash = "sha256:49f7af965996f26d43c8ae34539c8d99c5042fbff34302ea151eaa9c207cd257", size = 1319720, upload-time = "2025-05-20T14:02:53.503Z" }
wheels = [
    { url = "https://files.pythonhosted.org/packages/58/29/93c53c098d301132196c3238c312825324740851d77a8500a2462c0fd888/setuptools-80.8.0-py3-none-any.whl", hash = "sha256:95a60484590d24103af13b686121328cc2736bee85de8936383111e421b9edc0", size = 1201470, upload-time = "2025-05-20T14:02:51.348Z" },
]

[[package]]
name = "wsgr-speed-calculator"
version = "1.0.0"
source = { virtual = "." }
dependencies = [
    { name = "coverage" },
    { name = "pyinstaller" },
]

[package.metadata]
requires-dist = [
    { name = "coverage", specifier = ">=7.8.1" },
    { name = "pyinstaller", specifier = ">=6.13.0" },
]
